PODS:
  - Alamofire (5.7.1)
  - AlamofireImage (4.2.0):
    - Alamofire (~> 5.4)
  - SwiftyJSON (5.0.1)

DEPENDENCIES:
  - AlamofireImage
  - SwiftyJSON

SPEC REPOS:
  trunk:
    - Alamofire
    - AlamofireImage
    - SwiftyJSON

SPEC CHECKSUMS:
  Alamofire: 0123a34370cb170936ae79a8df46cc62b2edeb88
  AlamofireImage: 34a2d90b0e5fe6a5605f85ae4b7b01e784c60192
  SwiftyJSON: 2f33a42c6fbc52764d96f13368585094bfd8aa5e

PODFILE CHECKSUM: 5c35e6d27eff9dd550b115a56e7c74b44bad8bff

COCOAPODS: 1.12.1
