// !$*UTF8*$!
{
	archiveVersion = 1;
	classes = {
	};
	objectVersion = 56;
	objects = {

/* Begin PBXBuildFile section */
		9092B8EE6ACC8830CBA4E509 /* Pods_DRCPractical.framework in Frameworks */ = {isa = PBXBuildFile; fileRef = E5C426938E2262EEC804DE1C /* Pods_DRCPractical.framework */; };
		B4F71C252A4FC9960011D634 /* AppDelegate.swift in Sources */ = {isa = PBXBuildFile; fileRef = B4F71C242A4FC9960011D634 /* AppDelegate.swift */; };
		B4F71C272A4FC9960011D634 /* SceneDelegate.swift in Sources */ = {isa = PBXBuildFile; fileRef = B4F71C262A4FC9960011D634 /* SceneDelegate.swift */; };
		B4F71C292A4FC9960011D634 /* ViewController.swift in Sources */ = {isa = PBXBuildFile; fileRef = B4F71C282A4FC9960011D634 /* ViewController.swift */; };
		B4F71C2C2A4FC9960011D634 /* Main.storyboard in Resources */ = {isa = PBXBuildFile; fileRef = B4F71C2A2A4FC9960011D634 /* Main.storyboard */; };
		B4F71C2F2A4FC9960011D634 /* DRCPractical.xcdatamodeld in Sources */ = {isa = PBXBuildFile; fileRef = B4F71C2D2A4FC9960011D634 /* DRCPractical.xcdatamodeld */; };
		B4F71C312A4FC9970011D634 /* Assets.xcassets in Resources */ = {isa = PBXBuildFile; fileRef = B4F71C302A4FC9970011D634 /* Assets.xcassets */; };
		B4F71C342A4FC9970011D634 /* LaunchScreen.storyboard in Resources */ = {isa = PBXBuildFile; fileRef = B4F71C322A4FC9970011D634 /* LaunchScreen.storyboard */; };
		B4F71C482A4FCF2C0011D634 /* Color+Font.swift in Sources */ = {isa = PBXBuildFile; fileRef = B4F71C472A4FCF2C0011D634 /* Color+Font.swift */; };
		B4F71C4A2A4FCF5A0011D634 /* CustomControl.swift in Sources */ = {isa = PBXBuildFile; fileRef = B4F71C492A4FCF5A0011D634 /* CustomControl.swift */; };
		B4F71C4D2A4FCFE60011D634 /* Extensions.swift in Sources */ = {isa = PBXBuildFile; fileRef = B4F71C4C2A4FCFE60011D634 /* Extensions.swift */; };
		B4F71C532A4FD79F0011D634 /* SignupVC.swift in Sources */ = {isa = PBXBuildFile; fileRef = B4F71C522A4FD79F0011D634 /* SignupVC.swift */; };
		B4F71C552A4FE2850011D634 /* LoginVC.swift in Sources */ = {isa = PBXBuildFile; fileRef = B4F71C542A4FE2850011D634 /* LoginVC.swift */; };
		B4F71C5D2A4FF41A0011D634 /* HomeVC.swift in Sources */ = {isa = PBXBuildFile; fileRef = B4F71C5C2A4FF41A0011D634 /* HomeVC.swift */; };
		B4F71C602A4FFD5B0011D634 /* ProductTC.swift in Sources */ = {isa = PBXBuildFile; fileRef = B4F71C5E2A4FFD5B0011D634 /* ProductTC.swift */; };
		B4F71C612A4FFD5B0011D634 /* ProductTC.xib in Resources */ = {isa = PBXBuildFile; fileRef = B4F71C5F2A4FFD5B0011D634 /* ProductTC.xib */; };
		B4F71C632A5008190011D634 /* ServerAPIs.swift in Sources */ = {isa = PBXBuildFile; fileRef = B4F71C622A5008190011D634 /* ServerAPIs.swift */; };
		B4F71C652A5027840011D634 /* Model.swift in Sources */ = {isa = PBXBuildFile; fileRef = B4F71C642A5027840011D634 /* Model.swift */; };
/* End PBXBuildFile section */

/* Begin PBXFileReference section */
		6924484A4B4E3195309F4B04 /* Pods-DRCPractical.release.xcconfig */ = {isa = PBXFileReference; includeInIndex = 1; lastKnownFileType = text.xcconfig; name = "Pods-DRCPractical.release.xcconfig"; path = "Target Support Files/Pods-DRCPractical/Pods-DRCPractical.release.xcconfig"; sourceTree = "<group>"; };
		7110446F2CDACA4DF40DA8D9 /* Pods-DRCPractical.debug.xcconfig */ = {isa = PBXFileReference; includeInIndex = 1; lastKnownFileType = text.xcconfig; name = "Pods-DRCPractical.debug.xcconfig"; path = "Target Support Files/Pods-DRCPractical/Pods-DRCPractical.debug.xcconfig"; sourceTree = "<group>"; };
		B4F71C212A4FC9960011D634 /* DRCPractical.app */ = {isa = PBXFileReference; explicitFileType = wrapper.application; includeInIndex = 0; path = DRCPractical.app; sourceTree = BUILT_PRODUCTS_DIR; };
		B4F71C242A4FC9960011D634 /* AppDelegate.swift */ = {isa = PBXFileReference; lastKnownFileType = sourcecode.swift; path = AppDelegate.swift; sourceTree = "<group>"; };
		B4F71C262A4FC9960011D634 /* SceneDelegate.swift */ = {isa = PBXFileReference; lastKnownFileType = sourcecode.swift; path = SceneDelegate.swift; sourceTree = "<group>"; };
		B4F71C282A4FC9960011D634 /* ViewController.swift */ = {isa = PBXFileReference; lastKnownFileType = sourcecode.swift; path = ViewController.swift; sourceTree = "<group>"; };
		B4F71C2B2A4FC9960011D634 /* Base */ = {isa = PBXFileReference; lastKnownFileType = file.storyboard; name = Base; path = Base.lproj/Main.storyboard; sourceTree = "<group>"; };
		B4F71C2E2A4FC9960011D634 /* DRCPractical.xcdatamodel */ = {isa = PBXFileReference; lastKnownFileType = wrapper.xcdatamodel; path = DRCPractical.xcdatamodel; sourceTree = "<group>"; };
		B4F71C302A4FC9970011D634 /* Assets.xcassets */ = {isa = PBXFileReference; lastKnownFileType = folder.assetcatalog; path = Assets.xcassets; sourceTree = "<group>"; };
		B4F71C332A4FC9970011D634 /* Base */ = {isa = PBXFileReference; lastKnownFileType = file.storyboard; name = Base; path = Base.lproj/LaunchScreen.storyboard; sourceTree = "<group>"; };
		B4F71C352A4FC9970011D634 /* Info.plist */ = {isa = PBXFileReference; lastKnownFileType = text.plist.xml; path = Info.plist; sourceTree = "<group>"; };
		B4F71C472A4FCF2C0011D634 /* Color+Font.swift */ = {isa = PBXFileReference; lastKnownFileType = sourcecode.swift; path = "Color+Font.swift"; sourceTree = "<group>"; };
		B4F71C492A4FCF5A0011D634 /* CustomControl.swift */ = {isa = PBXFileReference; lastKnownFileType = sourcecode.swift; path = CustomControl.swift; sourceTree = "<group>"; };
		B4F71C4C2A4FCFE60011D634 /* Extensions.swift */ = {isa = PBXFileReference; lastKnownFileType = sourcecode.swift; path = Extensions.swift; sourceTree = "<group>"; };
		B4F71C522A4FD79F0011D634 /* SignupVC.swift */ = {isa = PBXFileReference; lastKnownFileType = sourcecode.swift; path = SignupVC.swift; sourceTree = "<group>"; };
		B4F71C542A4FE2850011D634 /* LoginVC.swift */ = {isa = PBXFileReference; lastKnownFileType = sourcecode.swift; path = LoginVC.swift; sourceTree = "<group>"; };
		B4F71C5C2A4FF41A0011D634 /* HomeVC.swift */ = {isa = PBXFileReference; lastKnownFileType = sourcecode.swift; path = HomeVC.swift; sourceTree = "<group>"; };
		B4F71C5E2A4FFD5B0011D634 /* ProductTC.swift */ = {isa = PBXFileReference; lastKnownFileType = sourcecode.swift; name = ProductTC.swift; path = DRCPractical/ViewControllers/ProductTC.swift; sourceTree = SOURCE_ROOT; };
		B4F71C5F2A4FFD5B0011D634 /* ProductTC.xib */ = {isa = PBXFileReference; lastKnownFileType = file.xib; name = ProductTC.xib; path = DRCPractical/ViewControllers/ProductTC.xib; sourceTree = SOURCE_ROOT; };
		B4F71C622A5008190011D634 /* ServerAPIs.swift */ = {isa = PBXFileReference; lastKnownFileType = sourcecode.swift; path = ServerAPIs.swift; sourceTree = "<group>"; };
		B4F71C642A5027840011D634 /* Model.swift */ = {isa = PBXFileReference; lastKnownFileType = sourcecode.swift; path = Model.swift; sourceTree = "<group>"; };
		E5C426938E2262EEC804DE1C /* Pods_DRCPractical.framework */ = {isa = PBXFileReference; explicitFileType = wrapper.framework; includeInIndex = 0; path = Pods_DRCPractical.framework; sourceTree = BUILT_PRODUCTS_DIR; };
/* End PBXFileReference section */

/* Begin PBXFrameworksBuildPhase section */
		B4F71C1E2A4FC9960011D634 /* Frameworks */ = {
			isa = PBXFrameworksBuildPhase;
			buildActionMask = 2147483647;
			files = (
				9092B8EE6ACC8830CBA4E509 /* Pods_DRCPractical.framework in Frameworks */,
			);
			runOnlyForDeploymentPostprocessing = 0;
		};
/* End PBXFrameworksBuildPhase section */

/* Begin PBXGroup section */
		57DC86D6904025B2D232B84C /* Frameworks */ = {
			isa = PBXGroup;
			children = (
				E5C426938E2262EEC804DE1C /* Pods_DRCPractical.framework */,
			);
			name = Frameworks;
			sourceTree = "<group>";
		};
		7B6A6D0BF487AC0E8B4E60B6 /* Pods */ = {
			isa = PBXGroup;
			children = (
				7110446F2CDACA4DF40DA8D9 /* Pods-DRCPractical.debug.xcconfig */,
				6924484A4B4E3195309F4B04 /* Pods-DRCPractical.release.xcconfig */,
			);
			path = Pods;
			sourceTree = "<group>";
		};
		B4F71C182A4FC9960011D634 = {
			isa = PBXGroup;
			children = (
				B4F71C232A4FC9960011D634 /* DRCPractical */,
				B4F71C222A4FC9960011D634 /* Products */,
				7B6A6D0BF487AC0E8B4E60B6 /* Pods */,
				57DC86D6904025B2D232B84C /* Frameworks */,
			);
			sourceTree = "<group>";
		};
		B4F71C222A4FC9960011D634 /* Products */ = {
			isa = PBXGroup;
			children = (
				B4F71C212A4FC9960011D634 /* DRCPractical.app */,
			);
			name = Products;
			sourceTree = "<group>";
		};
		B4F71C232A4FC9960011D634 /* DRCPractical */ = {
			isa = PBXGroup;
			children = (
				B4F71C242A4FC9960011D634 /* AppDelegate.swift */,
				B4F71C262A4FC9960011D634 /* SceneDelegate.swift */,
				B4F71C282A4FC9960011D634 /* ViewController.swift */,
				B4F71C2A2A4FC9960011D634 /* Main.storyboard */,
				B4F71C302A4FC9970011D634 /* Assets.xcassets */,
				B4F71C322A4FC9970011D634 /* LaunchScreen.storyboard */,
				B4F71C4E2A4FD5C20011D634 /* ViewControllers */,
				B4F71C3B2A4FCD2E0011D634 /* Theme */,
				B4F71C352A4FC9970011D634 /* Info.plist */,
				B4F71C2D2A4FC9960011D634 /* DRCPractical.xcdatamodeld */,
				B4F71C642A5027840011D634 /* Model.swift */,
			);
			path = DRCPractical;
			sourceTree = "<group>";
		};
		B4F71C3B2A4FCD2E0011D634 /* Theme */ = {
			isa = PBXGroup;
			children = (
				B4F71C472A4FCF2C0011D634 /* Color+Font.swift */,
				B4F71C492A4FCF5A0011D634 /* CustomControl.swift */,
				B4F71C4C2A4FCFE60011D634 /* Extensions.swift */,
				B4F71C622A5008190011D634 /* ServerAPIs.swift */,
			);
			path = Theme;
			sourceTree = "<group>";
		};
		B4F71C4E2A4FD5C20011D634 /* ViewControllers */ = {
			isa = PBXGroup;
			children = (
				B4F71C4F2A4FD5D00011D634 /* Authantication */,
				B4F71C5C2A4FF41A0011D634 /* HomeVC.swift */,
				B4F71C5E2A4FFD5B0011D634 /* ProductTC.swift */,
				B4F71C5F2A4FFD5B0011D634 /* ProductTC.xib */,
			);
			path = ViewControllers;
			sourceTree = "<group>";
		};
		B4F71C4F2A4FD5D00011D634 /* Authantication */ = {
			isa = PBXGroup;
			children = (
				B4F71C542A4FE2850011D634 /* LoginVC.swift */,
				B4F71C522A4FD79F0011D634 /* SignupVC.swift */,
			);
			path = Authantication;
			sourceTree = "<group>";
		};
/* End PBXGroup section */

/* Begin PBXNativeTarget section */
		B4F71C202A4FC9960011D634 /* DRCPractical */ = {
			isa = PBXNativeTarget;
			buildConfigurationList = B4F71C382A4FC9970011D634 /* Build configuration list for PBXNativeTarget "DRCPractical" */;
			buildPhases = (
				B04E823A5FAE40D5CD6B2B38 /* [CP] Check Pods Manifest.lock */,
				B4F71C1D2A4FC9960011D634 /* Sources */,
				B4F71C1E2A4FC9960011D634 /* Frameworks */,
				B4F71C1F2A4FC9960011D634 /* Resources */,
				6C96D540AAD715E2A4982483 /* [CP] Embed Pods Frameworks */,
			);
			buildRules = (
			);
			dependencies = (
			);
			name = DRCPractical;
			productName = DRCPractical;
			productReference = B4F71C212A4FC9960011D634 /* DRCPractical.app */;
			productType = "com.apple.product-type.application";
		};
/* End PBXNativeTarget section */

/* Begin PBXProject section */
		B4F71C192A4FC9960011D634 /* Project object */ = {
			isa = PBXProject;
			attributes = {
				BuildIndependentTargetsInParallel = 1;
				LastSwiftUpdateCheck = 1430;
				LastUpgradeCheck = 1430;
				TargetAttributes = {
					B4F71C202A4FC9960011D634 = {
						CreatedOnToolsVersion = 14.3.1;
					};
				};
			};
			buildConfigurationList = B4F71C1C2A4FC9960011D634 /* Build configuration list for PBXProject "DRCPractical" */;
			compatibilityVersion = "Xcode 14.0";
			developmentRegion = en;
			hasScannedForEncodings = 0;
			knownRegions = (
				en,
				Base,
			);
			mainGroup = B4F71C182A4FC9960011D634;
			productRefGroup = B4F71C222A4FC9960011D634 /* Products */;
			projectDirPath = "";
			projectRoot = "";
			targets = (
				B4F71C202A4FC9960011D634 /* DRCPractical */,
			);
		};
/* End PBXProject section */

/* Begin PBXResourcesBuildPhase section */
		B4F71C1F2A4FC9960011D634 /* Resources */ = {
			isa = PBXResourcesBuildPhase;
			buildActionMask = 2147483647;
			files = (
				B4F71C612A4FFD5B0011D634 /* ProductTC.xib in Resources */,
				B4F71C342A4FC9970011D634 /* LaunchScreen.storyboard in Resources */,
				B4F71C312A4FC9970011D634 /* Assets.xcassets in Resources */,
				B4F71C2C2A4FC9960011D634 /* Main.storyboard in Resources */,
			);
			runOnlyForDeploymentPostprocessing = 0;
		};
/* End PBXResourcesBuildPhase section */

/* Begin PBXShellScriptBuildPhase section */
		6C96D540AAD715E2A4982483 /* [CP] Embed Pods Frameworks */ = {
			isa = PBXShellScriptBuildPhase;
			buildActionMask = 2147483647;
			files = (
			);
			inputFileListPaths = (
				"${PODS_ROOT}/Target Support Files/Pods-DRCPractical/Pods-DRCPractical-frameworks-${CONFIGURATION}-input-files.xcfilelist",
			);
			name = "[CP] Embed Pods Frameworks";
			outputFileListPaths = (
				"${PODS_ROOT}/Target Support Files/Pods-DRCPractical/Pods-DRCPractical-frameworks-${CONFIGURATION}-output-files.xcfilelist",
			);
			runOnlyForDeploymentPostprocessing = 0;
			shellPath = /bin/sh;
			shellScript = "\"${PODS_ROOT}/Target Support Files/Pods-DRCPractical/Pods-DRCPractical-frameworks.sh\"\n";
			showEnvVarsInLog = 0;
		};
		B04E823A5FAE40D5CD6B2B38 /* [CP] Check Pods Manifest.lock */ = {
			isa = PBXShellScriptBuildPhase;
			buildActionMask = 2147483647;
			files = (
			);
			inputFileListPaths = (
			);
			inputPaths = (
				"${PODS_PODFILE_DIR_PATH}/Podfile.lock",
				"${PODS_ROOT}/Manifest.lock",
			);
			name = "[CP] Check Pods Manifest.lock";
			outputFileListPaths = (
			);
			outputPaths = (
				"$(DERIVED_FILE_DIR)/Pods-DRCPractical-checkManifestLockResult.txt",
			);
			runOnlyForDeploymentPostprocessing = 0;
			shellPath = /bin/sh;
			shellScript = "diff \"${PODS_PODFILE_DIR_PATH}/Podfile.lock\" \"${PODS_ROOT}/Manifest.lock\" > /dev/null\nif [ $? != 0 ] ; then\n    # print error to STDERR\n    echo \"error: The sandbox is not in sync with the Podfile.lock. Run 'pod install' or update your CocoaPods installation.\" >&2\n    exit 1\nfi\n# This output is used by Xcode 'outputs' to avoid re-running this script phase.\necho \"SUCCESS\" > \"${SCRIPT_OUTPUT_FILE_0}\"\n";
			showEnvVarsInLog = 0;
		};
/* End PBXShellScriptBuildPhase section */

/* Begin PBXSourcesBuildPhase section */
		B4F71C1D2A4FC9960011D634 /* Sources */ = {
			isa = PBXSourcesBuildPhase;
			buildActionMask = 2147483647;
			files = (
				B4F71C532A4FD79F0011D634 /* SignupVC.swift in Sources */,
				B4F71C4A2A4FCF5A0011D634 /* CustomControl.swift in Sources */,
				B4F71C292A4FC9960011D634 /* ViewController.swift in Sources */,
				B4F71C552A4FE2850011D634 /* LoginVC.swift in Sources */,
				B4F71C2F2A4FC9960011D634 /* DRCPractical.xcdatamodeld in Sources */,
				B4F71C632A5008190011D634 /* ServerAPIs.swift in Sources */,
				B4F71C652A5027840011D634 /* Model.swift in Sources */,
				B4F71C4D2A4FCFE60011D634 /* Extensions.swift in Sources */,
				B4F71C482A4FCF2C0011D634 /* Color+Font.swift in Sources */,
				B4F71C252A4FC9960011D634 /* AppDelegate.swift in Sources */,
				B4F71C602A4FFD5B0011D634 /* ProductTC.swift in Sources */,
				B4F71C5D2A4FF41A0011D634 /* HomeVC.swift in Sources */,
				B4F71C272A4FC9960011D634 /* SceneDelegate.swift in Sources */,
			);
			runOnlyForDeploymentPostprocessing = 0;
		};
/* End PBXSourcesBuildPhase section */

/* Begin PBXVariantGroup section */
		B4F71C2A2A4FC9960011D634 /* Main.storyboard */ = {
			isa = PBXVariantGroup;
			children = (
				B4F71C2B2A4FC9960011D634 /* Base */,
			);
			name = Main.storyboard;
			sourceTree = "<group>";
		};
		B4F71C322A4FC9970011D634 /* LaunchScreen.storyboard */ = {
			isa = PBXVariantGroup;
			children = (
				B4F71C332A4FC9970011D634 /* Base */,
			);
			name = LaunchScreen.storyboard;
			sourceTree = "<group>";
		};
/* End PBXVariantGroup section */

/* Begin XCBuildConfiguration section */
		B4F71C362A4FC9970011D634 /* Debug */ = {
			isa = XCBuildConfiguration;
			buildSettings = {
				ALWAYS_SEARCH_USER_PATHS = NO;
				CLANG_ANALYZER_NONNULL = YES;
				CLANG_ANALYZER_NUMBER_OBJECT_CONVERSION = YES_AGGRESSIVE;
				CLANG_CXX_LANGUAGE_STANDARD = "gnu++20";
				CLANG_ENABLE_MODULES = YES;
				CLANG_ENABLE_OBJC_ARC = YES;
				CLANG_ENABLE_OBJC_WEAK = YES;
				CLANG_WARN_BLOCK_CAPTURE_AUTORELEASING = YES;
				CLANG_WARN_BOOL_CONVERSION = YES;
				CLANG_WARN_COMMA = YES;
				CLANG_WARN_CONSTANT_CONVERSION = YES;
				CLANG_WARN_DEPRECATED_OBJC_IMPLEMENTATIONS = YES;
				CLANG_WARN_DIRECT_OBJC_ISA_USAGE = YES_ERROR;
				CLANG_WARN_DOCUMENTATION_COMMENTS = YES;
				CLANG_WARN_EMPTY_BODY = YES;
				CLANG_WARN_ENUM_CONVERSION = YES;
				CLANG_WARN_INFINITE_RECURSION = YES;
				CLANG_WARN_INT_CONVERSION = YES;
				CLANG_WARN_NON_LITERAL_NULL_CONVERSION = YES;
				CLANG_WARN_OBJC_IMPLICIT_RETAIN_SELF = YES;
				CLANG_WARN_OBJC_LITERAL_CONVERSION = YES;
				CLANG_WARN_OBJC_ROOT_CLASS = YES_ERROR;
				CLANG_WARN_QUOTED_INCLUDE_IN_FRAMEWORK_HEADER = YES;
				CLANG_WARN_RANGE_LOOP_ANALYSIS = YES;
				CLANG_WARN_STRICT_PROTOTYPES = YES;
				CLANG_WARN_SUSPICIOUS_MOVE = YES;
				CLANG_WARN_UNGUARDED_AVAILABILITY = YES_AGGRESSIVE;
				CLANG_WARN_UNREACHABLE_CODE = YES;
				CLANG_WARN__DUPLICATE_METHOD_MATCH = YES;
				COPY_PHASE_STRIP = NO;
				DEBUG_INFORMATION_FORMAT = dwarf;
				ENABLE_STRICT_OBJC_MSGSEND = YES;
				ENABLE_TESTABILITY = YES;
				GCC_C_LANGUAGE_STANDARD = gnu11;
				GCC_DYNAMIC_NO_PIC = NO;
				GCC_NO_COMMON_BLOCKS = YES;
				GCC_OPTIMIZATION_LEVEL = 0;
				GCC_PREPROCESSOR_DEFINITIONS = (
					"DEBUG=1",
					"$(inherited)",
				);
				GCC_WARN_64_TO_32_BIT_CONVERSION = YES;
				GCC_WARN_ABOUT_RETURN_TYPE = YES_ERROR;
				GCC_WARN_UNDECLARED_SELECTOR = YES;
				GCC_WARN_UNINITIALIZED_AUTOS = YES_AGGRESSIVE;
				GCC_WARN_UNUSED_FUNCTION = YES;
				GCC_WARN_UNUSED_VARIABLE = YES;
				IPHONEOS_DEPLOYMENT_TARGET = 16.4;
				MTL_ENABLE_DEBUG_INFO = INCLUDE_SOURCE;
				MTL_FAST_MATH = YES;
				ONLY_ACTIVE_ARCH = YES;
				SDKROOT = iphoneos;
				SWIFT_ACTIVE_COMPILATION_CONDITIONS = DEBUG;
				SWIFT_OPTIMIZATION_LEVEL = "-Onone";
			};
			name = Debug;
		};
		B4F71C372A4FC9970011D634 /* Release */ = {
			isa = XCBuildConfiguration;
			buildSettings = {
				ALWAYS_SEARCH_USER_PATHS = NO;
				CLANG_ANALYZER_NONNULL = YES;
				CLANG_ANALYZER_NUMBER_OBJECT_CONVERSION = YES_AGGRESSIVE;
				CLANG_CXX_LANGUAGE_STANDARD = "gnu++20";
				CLANG_ENABLE_MODULES = YES;
				CLANG_ENABLE_OBJC_ARC = YES;
				CLANG_ENABLE_OBJC_WEAK = YES;
				CLANG_WARN_BLOCK_CAPTURE_AUTORELEASING = YES;
				CLANG_WARN_BOOL_CONVERSION = YES;
				CLANG_WARN_COMMA = YES;
				CLANG_WARN_CONSTANT_CONVERSION = YES;
				CLANG_WARN_DEPRECATED_OBJC_IMPLEMENTATIONS = YES;
				CLANG_WARN_DIRECT_OBJC_ISA_USAGE = YES_ERROR;
				CLANG_WARN_DOCUMENTATION_COMMENTS = YES;
				CLANG_WARN_EMPTY_BODY = YES;
				CLANG_WARN_ENUM_CONVERSION = YES;
				CLANG_WARN_INFINITE_RECURSION = YES;
				CLANG_WARN_INT_CONVERSION = YES;
				CLANG_WARN_NON_LITERAL_NULL_CONVERSION = YES;
				CLANG_WARN_OBJC_IMPLICIT_RETAIN_SELF = YES;
				CLANG_WARN_OBJC_LITERAL_CONVERSION = YES;
				CLANG_WARN_OBJC_ROOT_CLASS = YES_ERROR;
				CLANG_WARN_QUOTED_INCLUDE_IN_FRAMEWORK_HEADER = YES;
				CLANG_WARN_RANGE_LOOP_ANALYSIS = YES;
				CLANG_WARN_STRICT_PROTOTYPES = YES;
				CLANG_WARN_SUSPICIOUS_MOVE = YES;
				CLANG_WARN_UNGUARDED_AVAILABILITY = YES_AGGRESSIVE;
				CLANG_WARN_UNREACHABLE_CODE = YES;
				CLANG_WARN__DUPLICATE_METHOD_MATCH = YES;
				COPY_PHASE_STRIP = NO;
				DEBUG_INFORMATION_FORMAT = "dwarf-with-dsym";
				ENABLE_NS_ASSERTIONS = NO;
				ENABLE_STRICT_OBJC_MSGSEND = YES;
				GCC_C_LANGUAGE_STANDARD = gnu11;
				GCC_NO_COMMON_BLOCKS = YES;
				GCC_WARN_64_TO_32_BIT_CONVERSION = YES;
				GCC_WARN_ABOUT_RETURN_TYPE = YES_ERROR;
				GCC_WARN_UNDECLARED_SELECTOR = YES;
				GCC_WARN_UNINITIALIZED_AUTOS = YES_AGGRESSIVE;
				GCC_WARN_UNUSED_FUNCTION = YES;
				GCC_WARN_UNUSED_VARIABLE = YES;
				IPHONEOS_DEPLOYMENT_TARGET = 16.4;
				MTL_ENABLE_DEBUG_INFO = NO;
				MTL_FAST_MATH = YES;
				SDKROOT = iphoneos;
				SWIFT_COMPILATION_MODE = wholemodule;
				SWIFT_OPTIMIZATION_LEVEL = "-O";
				VALIDATE_PRODUCT = YES;
			};
			name = Release;
		};
		B4F71C392A4FC9970011D634 /* Debug */ = {
			isa = XCBuildConfiguration;
			baseConfigurationReference = 7110446F2CDACA4DF40DA8D9 /* Pods-DRCPractical.debug.xcconfig */;
			buildSettings = {
				ASSETCATALOG_COMPILER_APPICON_NAME = AppIcon;
				ASSETCATALOG_COMPILER_GLOBAL_ACCENT_COLOR_NAME = AccentColor;
				CODE_SIGN_STYLE = Manual;
				CURRENT_PROJECT_VERSION = 1;
				DEVELOPMENT_TEAM = "";
				GENERATE_INFOPLIST_FILE = YES;
				INFOPLIST_FILE = DRCPractical/Info.plist;
				INFOPLIST_KEY_UIApplicationSupportsIndirectInputEvents = YES;
				INFOPLIST_KEY_UILaunchStoryboardName = LaunchScreen;
				INFOPLIST_KEY_UIMainStoryboardFile = Main;
				INFOPLIST_KEY_UIStatusBarHidden = NO;
				INFOPLIST_KEY_UISupportedInterfaceOrientations = UIInterfaceOrientationPortrait;
				INFOPLIST_KEY_UISupportedInterfaceOrientations_iPad = "UIInterfaceOrientationLandscapeLeft UIInterfaceOrientationLandscapeRight UIInterfaceOrientationPortrait UIInterfaceOrientationPortraitUpsideDown";
				IPHONEOS_DEPLOYMENT_TARGET = 14.0;
				LD_RUNPATH_SEARCH_PATHS = (
					"$(inherited)",
					"@executable_path/Frameworks",
				);
				MARKETING_VERSION = 1.0;
				PRODUCT_BUNDLE_IDENTIFIER = Demo.DRCPractical;
				PRODUCT_NAME = "$(TARGET_NAME)";
				PROVISIONING_PROFILE_SPECIFIER = "";
				SUPPORTED_PLATFORMS = "iphoneos iphonesimulator";
				SUPPORTS_MACCATALYST = NO;
				SUPPORTS_MAC_DESIGNED_FOR_IPHONE_IPAD = NO;
				SWIFT_EMIT_LOC_STRINGS = YES;
				SWIFT_VERSION = 5.0;
				TARGETED_DEVICE_FAMILY = 1;
			};
			name = Debug;
		};
		B4F71C3A2A4FC9970011D634 /* Release */ = {
			isa = XCBuildConfiguration;
			baseConfigurationReference = 6924484A4B4E3195309F4B04 /* Pods-DRCPractical.release.xcconfig */;
			buildSettings = {
				ASSETCATALOG_COMPILER_APPICON_NAME = AppIcon;
				ASSETCATALOG_COMPILER_GLOBAL_ACCENT_COLOR_NAME = AccentColor;
				CODE_SIGN_STYLE = Manual;
				CURRENT_PROJECT_VERSION = 1;
				DEVELOPMENT_TEAM = "";
				GENERATE_INFOPLIST_FILE = YES;
				INFOPLIST_FILE = DRCPractical/Info.plist;
				INFOPLIST_KEY_UIApplicationSupportsIndirectInputEvents = YES;
				INFOPLIST_KEY_UILaunchStoryboardName = LaunchScreen;
				INFOPLIST_KEY_UIMainStoryboardFile = Main;
				INFOPLIST_KEY_UIStatusBarHidden = NO;
				INFOPLIST_KEY_UISupportedInterfaceOrientations = UIInterfaceOrientationPortrait;
				INFOPLIST_KEY_UISupportedInterfaceOrientations_iPad = "UIInterfaceOrientationLandscapeLeft UIInterfaceOrientationLandscapeRight UIInterfaceOrientationPortrait UIInterfaceOrientationPortraitUpsideDown";
				IPHONEOS_DEPLOYMENT_TARGET = 14.0;
				LD_RUNPATH_SEARCH_PATHS = (
					"$(inherited)",
					"@executable_path/Frameworks",
				);
				MARKETING_VERSION = 1.0;
				PRODUCT_BUNDLE_IDENTIFIER = Demo.DRCPractical;
				PRODUCT_NAME = "$(TARGET_NAME)";
				PROVISIONING_PROFILE_SPECIFIER = "";
				SUPPORTED_PLATFORMS = "iphoneos iphonesimulator";
				SUPPORTS_MACCATALYST = NO;
				SUPPORTS_MAC_DESIGNED_FOR_IPHONE_IPAD = NO;
				SWIFT_EMIT_LOC_STRINGS = YES;
				SWIFT_VERSION = 5.0;
				TARGETED_DEVICE_FAMILY = 1;
			};
			name = Release;
		};
/* End XCBuildConfiguration section */

/* Begin XCConfigurationList section */
		B4F71C1C2A4FC9960011D634 /* Build configuration list for PBXProject "DRCPractical" */ = {
			isa = XCConfigurationList;
			buildConfigurations = (
				B4F71C362A4FC9970011D634 /* Debug */,
				B4F71C372A4FC9970011D634 /* Release */,
			);
			defaultConfigurationIsVisible = 0;
			defaultConfigurationName = Release;
		};
		B4F71C382A4FC9970011D634 /* Build configuration list for PBXNativeTarget "DRCPractical" */ = {
			isa = XCConfigurationList;
			buildConfigurations = (
				B4F71C392A4FC9970011D634 /* Debug */,
				B4F71C3A2A4FC9970011D634 /* Release */,
			);
			defaultConfigurationIsVisible = 0;
			defaultConfigurationName = Release;
		};
/* End XCConfigurationList section */

/* Begin XCVersionGroup section */
		B4F71C2D2A4FC9960011D634 /* DRCPractical.xcdatamodeld */ = {
			isa = XCVersionGroup;
			children = (
				B4F71C2E2A4FC9960011D634 /* DRCPractical.xcdatamodel */,
			);
			currentVersion = B4F71C2E2A4FC9960011D634 /* DRCPractical.xcdatamodel */;
			path = DRCPractical.xcdatamodeld;
			sourceTree = "<group>";
			versionGroupType = wrapper.xcdatamodel;
		};
/* End XCVersionGroup section */
	};
	rootObject = B4F71C192A4FC9960011D634 /* Project object */;
}
